# THIS IS AN AUTOGENERATED FILE. DO NOT EDIT THIS FILE DIRECTLY.
# yarn lockfile v1


foundation-sites@5.5.3:
  version "5.5.3"
  resolved "https://registry.yarnpkg.com/foundation-sites/-/foundation-sites-5.5.3.tgz#6556eb2b31cde3b226630116bd215d95d056c0a7"

reveal.js@^3.6.0:
  version "3.6.0"
  resolved "https://registry.yarnpkg.com/reveal.js/-/reveal.js-3.6.0.tgz#ce0e64f30cbebd6e5ce885c2f384085c5e5821e8"
